
Microsoft Visual Studio Solution File, Format Version 12.00
# Visual Studio Version 16
VisualStudioVersion = 16.0.30406.217
MinimumVisualStudioVersion = 10.0.40219.1
Project("{FAE04EC0-301F-11D3-BF4B-00C04F79EFBC}") = "SimpleP", "SimpleP\SimpleP.csproj", "{35671724-6FC1-4FB3-8BD3-912A59EF29D5}"
EndProject
Project("{FAE04EC0-301F-11D3-BF4B-00C04F79EFBC}") = "GameStore", "GameStore\GameStore.csproj", "{5098429D-7E9B-431D-B6CE-73F97B2C1A9D}"
EndProject
Global
	GlobalSection(SolutionConfigurationPlatforms) = preSolution
		Debug|Any CPU = Debug|Any CPU
		Release|Any CPU = Release|Any CPU
	EndGlobalSection
	GlobalSection(ProjectConfigurationPlatforms) = postSolution
		{35671724-6FC1-4FB3-8BD3-912A59EF29D5}.Debug|Any CPU.ActiveCfg = Debug|Any CPU
		{35671724-6FC1-4FB3-8BD3-912A59EF29D5}.Debug|Any CPU.Build.0 = Debug|Any CPU
		{35671724-6FC1-4FB3-8BD3-912A59EF29D5}.Release|Any CPU.ActiveCfg = Release|Any CPU
		{35671724-6FC1-4FB3-8BD3-912A59EF29D5}.Release|Any CPU.Build.0 = Release|Any CPU
		{5098429D-7E9B-431D-B6CE-73F97B2C1A9D}.Debug|Any CPU.ActiveCfg = Debug|Any CPU
		{5098429D-7E9B-431D-B6CE-73F97B2C1A9D}.Debug|Any CPU.Build.0 = Debug|Any CPU
		{5098429D-7E9B-431D-B6CE-73F97B2C1A9D}.Release|Any CPU.ActiveCfg = Release|Any CPU
		{5098429D-7E9B-431D-B6CE-73F97B2C1A9D}.Release|Any CPU.Build.0 = Release|Any CPU
	EndGlobalSection
	GlobalSection(SolutionProperties) = preSolution
		HideSolutionNode = FALSE
	EndGlobalSection
	GlobalSection(ExtensibilityGlobals) = postSolution
		SolutionGuid = {478A899E-AB1D-461F-9304-E9FC73FB2596}
	EndGlobalSection
EndGlobal
